# This file is automatically @generated by Poetry 1.8.3 and should not be changed by hand.

[[package]]
name = "atomicwrites"
version = "1.4.1"
description = "Atomic file writes."
optional = false
python-versions = ">=2.7, !=3.0.*, !=3.1.*, !=3.2.*, !=3.3.*"
files = [
    {file = "atomicwrites-1.4.1.tar.gz", hash = "sha256:81b2c9071a49367a7f770170e5eec8cb66567cfbbc8c73d20ce5ca4a8d71cf11"},
]

[[package]]
name = "attrs"
version = "24.2.0"
description = "Classes Without Boilerplate"
optional = false
python-versions = ">=3.7"
files = [
    {file = "attrs-24.2.0-py3-none-any.whl", hash = "sha256:81921eb96de3191c8258c199618104dd27ac608d9366f5e35d011eae1867ede2"},
    {file = "attrs-24.2.0.tar.gz", hash = "sha256:5cfb1b9148b5b086569baec03f20d7b6bf3bcacc9a42bebf87ffaaca362f6346"},
]

[package.extras]
benchmark = ["cloudpickle", "hypothesis", "mypy (>=1.11.1)", "pympler", "pytest (>=4.3.0)", "pytest-codspeed", "pytest-mypy-plugins", "pytest-xdist[psutil]"]
cov = ["cloudpickle", "coverage[toml] (>=5.3)", "hypothesis", "mypy (>=1.11.1)", "pympler", "pytest (>=4.3.0)", "pytest-mypy-plugins", "pytest-xdist[psutil]"]
dev = ["cloudpickle", "hypothesis", "mypy (>=1.11.1)", "pre-commit", "pympler", "pytest (>=4.3.0)", "pytest-mypy-plugins", "pytest-xdist[psutil]"]
docs = ["cogapp", "furo", "myst-parser", "sphinx", "sphinx-notfound-page", "sphinxcontrib-towncrier", "towncrier (<24.7)"]
tests = ["cloudpickle", "hypothesis", "mypy (>=1.11.1)", "pympler", "pytest (>=4.3.0)", "pytest-mypy-plugins", "pytest-xdist[psutil]"]
tests-mypy = ["mypy (>=1.11.1)", "pytest-mypy-plugins"]

[[package]]
name = "cfgv"
version = "3.4.0"
description = "Validate configuration and produce human readable error messages."
optional = false
python-versions = ">=3.8"
files = [
    {file = "cfgv-3.4.0-py2.py3-none-any.whl", hash = "sha256:b7265b1f29fd3316bfcd2b330d63d024f2bfd8bcb8b0272f8e19a504856c48f9"},
    {file = "cfgv-3.4.0.tar.gz", hash = "sha256:e52591d4c5f5dead8e0f673fb16db7949d2cfb3f7da4582893288f0ded8fe560"},
]

[[package]]
name = "colorama"
version = "0.4.6"
description = "Cross-platform colored terminal text."
optional = false
python-versions = "!=3.0.*,!=3.1.*,!=3.2.*,!=3.3.*,!=3.4.*,!=3.5.*,!=3.6.*,>=2.7"
files = [
    {file = "colorama-0.4.6-py2.py3-none-any.whl", hash = "sha256:4f1d9991f5acc0ca119f9d443620b77f9d6b33703e51011c16baf57afb285fc6"},
    {file = "colorama-0.4.6.tar.gz", hash = "sha256:08695f5cb7ed6e0531a20572697297273c47b8cae5a63ffc6d6ed5c201be6e44"},
]

[[package]]
name = "distlib"
version = "0.3.8"
description = "Distribution utilities"
optional = false
python-versions = "*"
files = [
    {file = "distlib-0.3.8-py2.py3-none-any.whl", hash = "sha256:034db59a0b96f8ca18035f36290806a9a6e6bd9d1ff91e45a7f172eb17e51784"},
    {file = "distlib-0.3.8.tar.gz", hash = "sha256:1530ea13e350031b6312d8580ddb6b27a104275a31106523b8f123787f494f64"},
]

[[package]]
name = "filelock"
version = "3.16.1"
description = "A platform independent file lock."
optional = false
python-versions = ">=3.8"
files = [
    {file = "filelock-3.16.1-py3-none-any.whl", hash = "sha256:2082e5703d51fbf98ea75855d9d5527e33d8ff23099bec374a134febee6946b0"},
    {file = "filelock-3.16.1.tar.gz", hash = "sha256:c249fbfcd5db47e5e2d6d62198e565475ee65e4831e2561c8e313fa7eb961435"},
]

[package.extras]
docs = ["furo (>=2024.8.6)", "sphinx (>=8.0.2)", "sphinx-autodoc-typehints (>=2.4.1)"]
testing = ["covdefaults (>=2.3)", "coverage (>=7.6.1)", "diff-cover (>=9.2)", "pytest (>=8.3.3)", "pytest-asyncio (>=0.24)", "pytest-cov (>=5)", "pytest-mock (>=3.14)", "pytest-timeout (>=2.3.1)", "virtualenv (>=20.26.4)"]
typing = ["typing-extensions (>=4.12.2)"]

[[package]]
name = "fuzzywuzzy"
version = "0.18.0"
description = "Fuzzy string matching in python"
optional = false
python-versions = "*"
files = [
    {file = "fuzzywuzzy-0.18.0-py2.py3-none-any.whl", hash = "sha256:928244b28db720d1e0ee7587acf660ea49d7e4c632569cad4f1cd7e68a5f0993"},
    {file = "fuzzywuzzy-0.18.0.tar.gz", hash = "sha256:45016e92264780e58972dca1b3d939ac864b78437422beecebb3095f8efd00e8"},
]

[package.extras]
speedup = ["python-levenshtein (>=0.12)"]

[[package]]
name = "identify"
version = "2.6.1"
description = "File identification library for Python"
optional = false
python-versions = ">=3.8"
files = [
    {file = "identify-2.6.1-py2.py3-none-any.whl", hash = "sha256:53863bcac7caf8d2ed85bd20312ea5dcfc22226800f6d6881f232d861db5a8f0"},
    {file = "identify-2.6.1.tar.gz", hash = "sha256:91478c5fb7c3aac5ff7bf9b4344f803843dc586832d5f110d672b19aa1984c98"},
]

[package.extras]
license = ["ukkonen"]

[[package]]
name = "iniconfig"
version = "2.0.0"
description = "brain-dead simple config-ini parsing"
optional = false
python-versions = ">=3.7"
files = [
    {file = "iniconfig-2.0.0-py3-none-any.whl", hash = "sha256:b6a85871a79d2e3b22d2d1b94ac2824226a63c6b741c88f7ae975f18b6778374"},
    {file = "iniconfig-2.0.0.tar.gz", hash = "sha256:2d91e135bf72d31a410b17c16da610a82cb55f6b0477d1a902134b24a455b8b3"},
]

[[package]]
name = "levenshtein"
version = "0.26.0"
description = "Python extension for computing string edit distances and similarities."
optional = false
python-versions = ">=3.9"
files = [
    {file = "levenshtein-0.26.0-cp310-cp310-macosx_11_0_arm64.whl", hash = "sha256:e5fb23bf35ef1094d00415bb2116dd862fb919adc4044436508029dafedfd687"},
    {file = "levenshtein-0.26.0-cp310-cp310-manylinux_2_17_aarch64.manylinux2014_aarch64.whl", hash = "sha256:ea97df5fecf4195ed24aa4c245e5b6cf42527a5818bd7d0d92ba8c7425828861"},
    {file = "levenshtein-0.26.0-cp310-cp310-manylinux_2_17_ppc64le.manylinux2014_ppc64le.whl", hash = "sha256:0c06ddb9149ee0f25ba334ad04ee3f782be3e64ab4bf8b9f34d6e4bf19a22880"},
    {file = "levenshtein-0.26.0-cp310-cp310-manylinux_2_17_s390x.manylinux2014_s390x.whl", hash = "sha256:bf2561d9077367aa01f3c6caf6132cec84b2b9a481f64f14f35f9e976a353605"},
    {file = "levenshtein-0.26.0-cp310-cp310-manylinux_2_17_x86_64.manylinux2014_x86_64.whl", hash = "sha256:54200110ba27c20cb2e3bc48cf855d7d910c6704a47caefe97ced8c59ee075b4"},
    {file = "levenshtein-0.26.0-cp310-cp310-manylinux_2_5_i686.manylinux1_i686.manylinux_2_17_i686.manylinux2014_i686.whl", hash = "sha256:ed1c1354f0f1e4736c2fb6f91e3913b63e38c8873a228a299f656bdaf788e1eb"},
    {file = "levenshtein-0.26.0-cp310-cp310-musllinux_1_2_aarch64.whl", hash = "sha256:4ecf7d755304d2ffab2ee808100f5e87889347b572c61c97d9f4f9a318806713"},
    {file = "levenshtein-0.26.0-cp310-cp310-musllinux_1_2_i686.whl", hash = "sha256:c532571fabd8a23fa12971f432cd17ababa031dee6efbaa8fa31380876593a3e"},
    {file = "levenshtein-0.26.0-cp310-cp310-musllinux_1_2_ppc64le.whl", hash = "sha256:71a3afbfc7d97fd536f128084a20c2a79b5d79995c7111eced1baf4d103ea6d4"},
    {file = "levenshtein-0.26.0-cp310-cp310-musllinux_1_2_s390x.whl", hash = "sha256:c49a20ddb119ab2d56e7e4d62e43602dff8c397718be4f00474723b40d626a7f"},
    {file = "levenshtein-0.26.0-cp310-cp310-musllinux_1_2_x86_64.whl", hash = "sha256:e8a34d41c7b392df98fce7c8353ea87cbbbf39239db141096ded00f4e1e75e6e"},
    {file = "levenshtein-0.26.0-cp310-cp310-win32.whl", hash = "sha256:a541040a01333994e5a037cb4e2c2b0e2496a2141facf63bbc9b359fe9f5b1dd"},
    {file = "levenshtein-0.26.0-cp310-cp310-win_amd64.whl", hash = "sha256:68a165bd91dab44c2b91c8278e3728f0da98cb48b1ed7f263bfdf616efcf4932"},
    {file = "levenshtein-0.26.0-cp310-cp310-win_arm64.whl", hash = "sha256:968731244a7d56354c912c054e7b6ea33c3700632ef7cab1c895b3110e86dc7b"},
    {file = "levenshtein-0.26.0-cp311-cp311-macosx_11_0_arm64.whl", hash = "sha256:7aabafb951b96ca6e0f981b1edb3ec81b41c010b7437758e275393768fa84453"},
    {file = "levenshtein-0.26.0-cp311-cp311-manylinux_2_17_aarch64.manylinux2014_aarch64.whl", hash = "sha256:5cefa552c5190e912f0fe39b62a5b08597d1256f330ed2c459ba724947458282"},
    {file = "levenshtein-0.26.0-cp311-cp311-manylinux_2_17_ppc64le.manylinux2014_ppc64le.whl", hash = "sha256:4a0ed02c8aaef0903b72fe0da88d9d24d7964b07dbc123997e549ac165efad8d"},
    {file = "levenshtein-0.26.0-cp311-cp311-manylinux_2_17_s390x.manylinux2014_s390x.whl", hash = "sha256:c5d21d3b08ceb7e544fae04897e211e43fb3500c9b3a8e74d08468b015c7270d"},
    {file = "levenshtein-0.26.0-cp311-cp311-manylinux_2_17_x86_64.manylinux2014_x86_64.whl", hash = "sha256:77422c5da5cfd8455a8835329d965e24250b0f0c1398e0a6362879f00d18f27c"},
    {file = "levenshtein-0.26.0-cp311-cp311-manylinux_2_5_i686.manylinux1_i686.manylinux_2_17_i686.manylinux2014_i686.whl", hash = "sha256:4931c8263e06edbece310b1f8e03bfcb74f211863a85058b46cdf8460a4136af"},
    {file = "levenshtein-0.26.0-cp311-cp311-musllinux_1_2_aarch64.whl", hash = "sha256:3e265812db8b04e6ae159751c7a82d6e0e5025223bd330fc9104a8a5beeeb7cf"},
    {file = "levenshtein-0.26.0-cp311-cp311-musllinux_1_2_i686.whl", hash = "sha256:8c58cb6c9f90f9b11d6b478e2da6ac1f0bcb5ea9608a5611088d30f782ee5920"},
    {file = "levenshtein-0.26.0-cp311-cp311-musllinux_1_2_ppc64le.whl", hash = "sha256:754669e9b82795cfc3ca0d70f2e715b58ff4d0f7e7f4e77fc6539543439ae22c"},
    {file = "levenshtein-0.26.0-cp311-cp311-musllinux_1_2_s390x.whl", hash = "sha256:830b1993e3e945b213a6b73ceca8b555147a6ecd7323e4959b80dee35abfc7fc"},
    {file = "levenshtein-0.26.0-cp311-cp311-musllinux_1_2_x86_64.whl", hash = "sha256:2b3aa9a0b844ddaeb6f5317eb4e85b5748901cf40c9a9b0d3a8bf76ef9d3cccc"},
    {file = "levenshtein-0.26.0-cp311-cp311-win32.whl", hash = "sha256:07ffd78569ca80adfd55172156faac35eb12ccd375d6d51ba4512b0346337cbf"},
    {file = "levenshtein-0.26.0-cp311-cp311-win_amd64.whl", hash = "sha256:1bf886afed2304e0022c33ed644afb719411cce4d4af11ba5bb040f05d9f00c1"},
    {file = "levenshtein-0.26.0-cp311-cp311-win_arm64.whl", hash = "sha256:c68b6e6c74ce9056370559196177b9e514ba20611a1ce9545dcd366d8a97cc60"},
    {file = "levenshtein-0.26.0-cp312-cp312-macosx_11_0_arm64.whl", hash = "sha256:fe230c754f628f6d266b8d970f8556775fb0a9c05027f807754312af7927b2ed"},
    {file = "levenshtein-0.26.0-cp312-cp312-manylinux_2_17_aarch64.manylinux2014_aarch64.whl", hash = "sha256:a01150b33505596be83bff9f6f06f53bc1a14fd5e36e840dc134822c6ba20e00"},
    {file = "levenshtein-0.26.0-cp312-cp312-manylinux_2_17_ppc64le.manylinux2014_ppc64le.whl", hash = "sha256:247767593ede88f3ddbd4f948ed30817cb751e25a335b35ec2332752021e4e10"},
    {file = "levenshtein-0.26.0-cp312-cp312-manylinux_2_17_s390x.manylinux2014_s390x.whl", hash = "sha256:52a7407416723cd7163238b16b7c0eba4b30bc53f549e803e654f1df6824e0b5"},
    {file = "levenshtein-0.26.0-cp312-cp312-manylinux_2_17_x86_64.manylinux2014_x86_64.whl", hash = "sha256:d0fa54bd453b8b347139b4ef940d717939c6a8966fdbcde2cf8d70316497e292"},
    {file = "levenshtein-0.26.0-cp312-cp312-manylinux_2_5_i686.manylinux1_i686.manylinux_2_17_i686.manylinux2014_i686.whl", hash = "sha256:14c96604ce1228922094ea266d9927227ab129e939b3e5dd84fee07390b72b5f"},
    {file = "levenshtein-0.26.0-cp312-cp312-musllinux_1_2_aarch64.whl", hash = "sha256:6170cbbec2ffc3df86adf2f457f83a22df99b6c4e2b21c76bc9a67b23c2940d1"},
    {file = "levenshtein-0.26.0-cp312-cp312-musllinux_1_2_i686.whl", hash = "sha256:7211e700ddca453efe49bdce57c84073451667873d80037c73c1f55840d08e70"},
    {file = "levenshtein-0.26.0-cp312-cp312-musllinux_1_2_ppc64le.whl", hash = "sha256:2150961cff9cfcfd4b5e4c1a5c90b2d4520a7d9cb65cd070cda5601b7f099496"},
    {file = "levenshtein-0.26.0-cp312-cp312-musllinux_1_2_s390x.whl", hash = "sha256:0afb8bd5bc2d686d34ed721399d78359d104c7483a740b262fd260357599e318"},
    {file = "levenshtein-0.26.0-cp312-cp312-musllinux_1_2_x86_64.whl", hash = "sha256:a68f863bef8a5301bc7ca4b99f2f8d666b5edcd30dca6234ee6cd541ca8a8f4e"},
    {file = "levenshtein-0.26.0-cp312-cp312-win32.whl", hash = "sha256:3baa2c8ebc1f3b773ffb010e03e7319098323618f919c5db2c7188e439d13602"},
    {file = "levenshtein-0.26.0-cp312-cp312-win_amd64.whl", hash = "sha256:ad6da19613e53c288bd130fadb91937b0ba849013065ddd377568cdd90611caa"},
    {file = "levenshtein-0.26.0-cp312-cp312-win_arm64.whl", hash = "sha256:bcbd4403c630755a5f898e6905975c1a8bb2c71a756d399f93811f82b5c0b1b3"},
    {file = "levenshtein-0.26.0-cp313-cp313-macosx_11_0_arm64.whl", hash = "sha256:770dc2973c9c76598d68b736319c2b2b6fad1f88837119a92e9124ff2167cc49"},
    {file = "levenshtein-0.26.0-cp313-cp313-manylinux_2_17_aarch64.manylinux2014_aarch64.whl", hash = "sha256:eb13782c15c2c0f5a74e920a9c9c26da5730830c13809bcb7a32876f1a4fb643"},
    {file = "levenshtein-0.26.0-cp313-cp313-manylinux_2_17_ppc64le.manylinux2014_ppc64le.whl", hash = "sha256:8a9949dd238e8c1bd27669a1bf66a5507eed2fd486130b30b2df44cc4f238a3c"},
    {file = "levenshtein-0.26.0-cp313-cp313-manylinux_2_17_s390x.manylinux2014_s390x.whl", hash = "sha256:dafc593a6e346fec5520f5dec9d87f4894aa9d584ccad43ce9fdcc363d9e9c34"},
    {file = "levenshtein-0.26.0-cp313-cp313-manylinux_2_17_x86_64.manylinux2014_x86_64.whl", hash = "sha256:7ce82de94989df4367ff38de2c4193bf0ea77b4e207ae60e98876922007a0f81"},
    {file = "levenshtein-0.26.0-cp313-cp313-manylinux_2_5_i686.manylinux1_i686.manylinux_2_17_i686.manylinux2014_i686.whl", hash = "sha256:cbd4775e0e88e209cbb4f722d39d057531138dafbd07e36c4b33eb18e29494ef"},
    {file = "levenshtein-0.26.0-cp313-cp313-musllinux_1_2_aarch64.whl", hash = "sha256:75e2567bf64e422843d0f67917938c0235a9292b395076dd5f8bbb731d1c3058"},
    {file = "levenshtein-0.26.0-cp313-cp313-musllinux_1_2_i686.whl", hash = "sha256:22c40516cc830aeeb18b09bd96ec32378b7e52e201d67e86dfb7f6a2e3bf3b3d"},
    {file = "levenshtein-0.26.0-cp313-cp313-musllinux_1_2_ppc64le.whl", hash = "sha256:c311554a220a12110d2640ee245d74f07b25cdc0acc04c625ab2bdf708f3bf84"},
    {file = "levenshtein-0.26.0-cp313-cp313-musllinux_1_2_s390x.whl", hash = "sha256:0560746b2c40cdd25458cb4a065e4d7ffbb245783638f5b0173cfd135f9d6664"},
    {file = "levenshtein-0.26.0-cp313-cp313-musllinux_1_2_x86_64.whl", hash = "sha256:3e8e373586026d71ec2053300ef46c5268fe41a29d9f58a724487e3f060502db"},
    {file = "levenshtein-0.26.0-cp313-cp313-win32.whl", hash = "sha256:f88d05187622366b529b25b130a8fad6497d7b6189e82198ce67d3921c3e418c"},
    {file = "levenshtein-0.26.0-cp313-cp313-win_amd64.whl", hash = "sha256:3cc288a6ab97a3ccd980d8a0465378b99eb53e32232f99279092a97578c4b2e9"},
    {file = "levenshtein-0.26.0-cp313-cp313-win_arm64.whl", hash = "sha256:de7727a57d1241f8c2d53a9f70642f48891514789bbd4daa0f90547b4e0bf70f"},
    {file = "levenshtein-0.26.0-cp39-cp39-macosx_11_0_arm64.whl", hash = "sha256:64bfad7270c2fc0f872f6ca2e26cc091efebfb64b7b1ae156123c2304fbcbae4"},
    {file = "levenshtein-0.26.0-cp39-cp39-manylinux_2_17_aarch64.manylinux2014_aarch64.whl", hash = "sha256:17c9e1d7bbde972c09e2c6578392ff0668697db8f815649594b984ed2b0b2843"},
    {file = "levenshtein-0.26.0-cp39-cp39-manylinux_2_17_ppc64le.manylinux2014_ppc64le.whl", hash = "sha256:7acff8e4335f18bb5b60cbd310957cf46c964f0b5bc1cc82fe6647c45309b9f8"},
    {file = "levenshtein-0.26.0-cp39-cp39-manylinux_2_17_s390x.manylinux2014_s390x.whl", hash = "sha256:d526636efb6e727dce5f67eb3437079f1d5d71dd2c0a2b6f48a62791a789764e"},
    {file = "levenshtein-0.26.0-cp39-cp39-manylinux_2_17_x86_64.manylinux2014_x86_64.whl", hash = "sha256:a492bd9e0075ed5f748ac000ffff581d7652f6cb2cf1d9ec9de3d12270dfc225"},
    {file = "levenshtein-0.26.0-cp39-cp39-manylinux_2_5_i686.manylinux1_i686.manylinux_2_17_i686.manylinux2014_i686.whl", hash = "sha256:fd953f8952c825c5d7112e9d64136afc8c7c122b9facc3ec4f9f87591a85e6d1"},
    {file = "levenshtein-0.26.0-cp39-cp39-musllinux_1_2_aarch64.whl", hash = "sha256:912fe5a3bcc970ab4b97e7e83ea118cf9a98831813535efa0f499b0b4df032dd"},
    {file = "levenshtein-0.26.0-cp39-cp39-musllinux_1_2_i686.whl", hash = "sha256:d9c8ac0f4ae2de173b6ccc3d0b379d1aa4212f653badc324fb5aa868e304e847"},
    {file = "levenshtein-0.26.0-cp39-cp39-musllinux_1_2_ppc64le.whl", hash = "sha256:47a4d8c58114c2b9a4318dcb8e2a0dc8446ec3ec637b051f3dbe27555786f603"},
    {file = "levenshtein-0.26.0-cp39-cp39-musllinux_1_2_s390x.whl", hash = "sha256:baf0c8c09d5c55f136b62e201886c4b93b4abbdbde0475f67dd8fc278bb403f7"},
    {file = "levenshtein-0.26.0-cp39-cp39-musllinux_1_2_x86_64.whl", hash = "sha256:88f051a0a4eec22cd8071634d5a2ee40d9810080e3b6d1e61e4fbe2a7a7ece3d"},
    {file = "levenshtein-0.26.0-cp39-cp39-win32.whl", hash = "sha256:c2d3f8cf45deeb6d0faa9df089c0e36e457236fc66aa31e67d3e7c15336e8401"},
    {file = "levenshtein-0.26.0-cp39-cp39-win_amd64.whl", hash = "sha256:9238be73beff55e2b285ac393573274e55233e7270cb6484fa4550b775016705"},
    {file = "levenshtein-0.26.0-cp39-cp39-win_arm64.whl", hash = "sha256:abc4618610ec6fff1c894fc931bc8b57c6d1ad7b8b9acafa685e19a84f521f8b"},
    {file = "levenshtein-0.26.0-pp310-pypy310_pp73-macosx_11_0_arm64.whl", hash = "sha256:ca2735baf43fb540be7d3cf24eb2fc97a395e9e85ec8fae64199f3b2ccbf5c5c"},
    {file = "levenshtein-0.26.0-pp310-pypy310_pp73-manylinux_2_17_aarch64.manylinux2014_aarch64.whl", hash = "sha256:93a949fabc6280ab44a6252d780577715e8e71a63a295c4730ce5490006ae1f5"},
    {file = "levenshtein-0.26.0-pp310-pypy310_pp73-manylinux_2_17_x86_64.manylinux2014_x86_64.whl", hash = "sha256:588094f406d5cb01dbf74201f8b4fe345d2b92a789997eb5371dad754f831d5b"},
    {file = "levenshtein-0.26.0-pp310-pypy310_pp73-manylinux_2_5_i686.manylinux1_i686.manylinux_2_17_i686.manylinux2014_i686.whl", hash = "sha256:c95201c7425cdff12ed16ff0a15af52c46477935e7589d1dc6ebd24f416c9ed8"},
    {file = "levenshtein-0.26.0-pp310-pypy310_pp73-win_amd64.whl", hash = "sha256:651b011617937d18f671450c8294d11b5b556b09e33ac038b923ae6496e35d31"},
    {file = "levenshtein-0.26.0-pp39-pypy39_pp73-macosx_11_0_arm64.whl", hash = "sha256:0576b0e817904adc621077761e71c97555ae9e698e712b0bdbe868464444200b"},
    {file = "levenshtein-0.26.0-pp39-pypy39_pp73-manylinux_2_17_aarch64.manylinux2014_aarch64.whl", hash = "sha256:16a3f4d0bcdbd0d14e0c49844a2ac02d8acece9f6cce41ea437c1d07ac536ec1"},
    {file = "levenshtein-0.26.0-pp39-pypy39_pp73-manylinux_2_17_x86_64.manylinux2014_x86_64.whl", hash = "sha256:e40e9a2c6482f6cce9046693844b33c492f35e57c849a0e104b03234ef3a31f6"},
    {file = "levenshtein-0.26.0-pp39-pypy39_pp73-manylinux_2_5_i686.manylinux1_i686.manylinux_2_17_i686.manylinux2014_i686.whl", hash = "sha256:8104cb5642277439c07091c160ad3b1c3d20c160db8dbf5306871f065721e5e8"},
    {file = "levenshtein-0.26.0-pp39-pypy39_pp73-win_amd64.whl", hash = "sha256:a30d30485eec8a2efe72d639fb9c33f0991416a6ddb490d6f0eef01c9dc79b7a"},
    {file = "levenshtein-0.26.0.tar.gz", hash = "sha256:960b020d96bbd348400d6ff5c16290adee49f0ae2d42707a550a3b4f7d092abe"},
]

[package.dependencies]
rapidfuzz = ">=3.9.0,<4.0.0"

[[package]]
name = "nodeenv"
version = "1.9.1"
description = "Node.js virtual environment builder"
optional = false
python-versions = "!=3.0.*,!=3.1.*,!=3.2.*,!=3.3.*,!=3.4.*,!=3.5.*,!=3.6.*,>=2.7"
files = [
    {file = "nodeenv-1.9.1-py2.py3-none-any.whl", hash = "sha256:ba11c9782d29c27c70ffbdda2d7415098754709be8a7056d79a737cd901155c9"},
    {file = "nodeenv-1.9.1.tar.gz", hash = "sha256:6ec12890a2dab7946721edbfbcd91f3319c6ccc9aec47be7c7e6b7011ee6645f"},
]

[[package]]
name = "packaging"
version = "24.1"
description = "Core utilities for Python packages"
optional = false
python-versions = ">=3.8"
files = [
    {file = "packaging-24.1-py3-none-any.whl", hash = "sha256:5b8f2217dbdbd2f7f384c41c628544e6d52f2d0f53c6d0c3ea61aa5d1d7ff124"},
    {file = "packaging-24.1.tar.gz", hash = "sha256:026ed72c8ed3fcce5bf8950572258698927fd1dbda10a5e981cdf0ac37f4f002"},
]

[[package]]
name = "pathlib"
version = "1.0.1"
description = "Object-oriented filesystem paths"
optional = false
python-versions = "*"
files = [
    {file = "pathlib-1.0.1-py3-none-any.whl", hash = "sha256:f35f95ab8b0f59e6d354090350b44a80a80635d22efdedfa84c7ad1cf0a74147"},
    {file = "pathlib-1.0.1.tar.gz", hash = "sha256:6940718dfc3eff4258203ad5021090933e5c04707d5ca8cc9e73c94a7894ea9f"},
]

[[package]]
name = "platformdirs"
version = "4.3.6"
description = "A small Python package for determining appropriate platform-specific dirs, e.g. a `user data dir`."
optional = false
python-versions = ">=3.8"
files = [
    {file = "platformdirs-4.3.6-py3-none-any.whl", hash = "sha256:73e575e1408ab8103900836b97580d5307456908a03e92031bab39e4554cc3fb"},
    {file = "platformdirs-4.3.6.tar.gz", hash = "sha256:357fb2acbc885b0419afd3ce3ed34564c13c9b95c89360cd9563f73aa5e2b907"},
]

[package.extras]
docs = ["furo (>=2024.8.6)", "proselint (>=0.14)", "sphinx (>=8.0.2)", "sphinx-autodoc-typehints (>=2.4)"]
test = ["appdirs (==1.4.4)", "covdefaults (>=2.3)", "pytest (>=8.3.2)", "pytest-cov (>=5)", "pytest-mock (>=3.14)"]
type = ["mypy (>=1.11.2)"]

[[package]]
name = "pluggy"
version = "1.5.0"
description = "plugin and hook calling mechanisms for python"
optional = false
python-versions = ">=3.8"
files = [
    {file = "pluggy-1.5.0-py3-none-any.whl", hash = "sha256:44e1ad92c8ca002de6377e165f3e0f1be63266ab4d554740532335b9d75ea669"},
    {file = "pluggy-1.5.0.tar.gz", hash = "sha256:2cffa88e94fdc978c4c574f15f9e59b7f4201d439195c3715ca9e2486f1d0cf1"},
]

[package.extras]
dev = ["pre-commit", "tox"]
testing = ["pytest", "pytest-benchmark"]

[[package]]
name = "pre-commit"
version = "3.8.0"
description = "A framework for managing and maintaining multi-language pre-commit hooks."
optional = false
python-versions = ">=3.9"
files = [
    {file = "pre_commit-3.8.0-py2.py3-none-any.whl", hash = "sha256:9a90a53bf82fdd8778d58085faf8d83df56e40dfe18f45b19446e26bf1b3a63f"},
    {file = "pre_commit-3.8.0.tar.gz", hash = "sha256:8bb6494d4a20423842e198980c9ecf9f96607a07ea29549e180eef9ae80fe7af"},
]

[package.dependencies]
cfgv = ">=2.0.0"
identify = ">=1.0.0"
nodeenv = ">=0.11.1"
pyyaml = ">=5.1"
virtualenv = ">=20.10.0"

[[package]]
name = "prettytable"
version = "3.11.0"
description = "A simple Python library for easily displaying tabular data in a visually appealing ASCII table format"
optional = false
python-versions = ">=3.8"
files = [
    {file = "prettytable-3.11.0-py3-none-any.whl", hash = "sha256:aa17083feb6c71da11a68b2c213b04675c4af4ce9c541762632ca3f2cb3546dd"},
    {file = "prettytable-3.11.0.tar.gz", hash = "sha256:7e23ca1e68bbfd06ba8de98bf553bf3493264c96d5e8a615c0471025deeba722"},
]

[package.dependencies]
wcwidth = "*"

[package.extras]
tests = ["pytest", "pytest-cov", "pytest-lazy-fixtures"]

[[package]]
name = "py"
version = "1.11.0"
description = "library with cross-python path, ini-parsing, io, code, log facilities"
optional = false
python-versions = ">=2.7, !=3.0.*, !=3.1.*, !=3.2.*, !=3.3.*, !=3.4.*"
files = [
    {file = "py-1.11.0-py2.py3-none-any.whl", hash = "sha256:607c53218732647dff4acdfcd50cb62615cedf612e72d1724fb1a0cc6405b378"},
    {file = "py-1.11.0.tar.gz", hash = "sha256:51c75c4126074b472f746a24399ad32f6053d1b34b68d2fa41e558e6f4a98719"},
]

[[package]]
name = "pytest"
version = "6.2.5"
description = "pytest: simple powerful testing with Python"
optional = false
python-versions = ">=3.6"
files = [
    {file = "pytest-6.2.5-py3-none-any.whl", hash = "sha256:7310f8d27bc79ced999e760ca304d69f6ba6c6649c0b60fb0e04a4a77cacc134"},
    {file = "pytest-6.2.5.tar.gz", hash = "sha256:131b36680866a76e6781d13f101efb86cf674ebb9762eb70d3082b6f29889e89"},
]

[package.dependencies]
atomicwrites = {version = ">=1.0", markers = "sys_platform == \"win32\""}
attrs = ">=19.2.0"
colorama = {version = "*", markers = "sys_platform == \"win32\""}
iniconfig = "*"
packaging = "*"
pluggy = ">=0.12,<2.0"
py = ">=1.8.2"
toml = "*"

[package.extras]
testing = ["argcomplete", "hypothesis (>=3.56)", "mock", "nose", "requests", "xmlschema"]

[[package]]
name = "python-levenshtein"
version = "0.26.0"
description = "Python extension for computing string edit distances and similarities."
optional = false
python-versions = ">=3.9"
files = [
    {file = "python_Levenshtein-0.26.0-py3-none-any.whl", hash = "sha256:1d808ba2f9df04aaea5eceba6e73734f2ffeba99d98d2a91078f32276cd041f4"},
    {file = "python_levenshtein-0.26.0.tar.gz", hash = "sha256:b454dd13708546649f1cba2a0f450dd98e7c1679a92e2d6f0a8b8c013c276e55"},
]

[package.dependencies]
Levenshtein = "0.26.0"

[[package]]
name = "pyyaml"
version = "6.0.1"
description = "YAML parser and emitter for Python"
optional = false
python-versions = ">=3.6"
files = [
    {file = "PyYAML-6.0.1-cp310-cp310-macosx_10_9_x86_64.whl", hash = "sha256:d858aa552c999bc8a8d57426ed01e40bef403cd8ccdd0fc5f6f04a00414cac2a"},
    {file = "PyYAML-6.0.1-cp310-cp310-macosx_11_0_arm64.whl", hash = "sha256:fd66fc5d0da6d9815ba2cebeb4205f95818ff4b79c3ebe268e75d961704af52f"},
    {file = "PyYAML-6.0.1-cp310-cp310-manylinux_2_17_aarch64.manylinux2014_aarch64.whl", hash = "sha256:69b023b2b4daa7548bcfbd4aa3da05b3a74b772db9e23b982788168117739938"},
    {file = "PyYAML-6.0.1-cp310-cp310-manylinux_2_17_s390x.manylinux2014_s390x.whl", hash = "sha256:81e0b275a9ecc9c0c0c07b4b90ba548307583c125f54d5b6946cfee6360c733d"},
    {file = "PyYAML-6.0.1-cp310-cp310-manylinux_2_17_x86_64.manylinux2014_x86_64.whl", hash = "sha256:ba336e390cd8e4d1739f42dfe9bb83a3cc2e80f567d8805e11b46f4a943f5515"},
    {file = "PyYAML-6.0.1-cp310-cp310-musllinux_1_1_x86_64.whl", hash = "sha256:326c013efe8048858a6d312ddd31d56e468118ad4cdeda36c719bf5bb6192290"},
    {file = "PyYAML-6.0.1-cp310-cp310-win32.whl", hash = "sha256:bd4af7373a854424dabd882decdc5579653d7868b8fb26dc7d0e99f823aa5924"},
    {file = "PyYAML-6.0.1-cp310-cp310-win_amd64.whl", hash = "sha256:fd1592b3fdf65fff2ad0004b5e363300ef59ced41c2e6b3a99d4089fa8c5435d"},
    {file = "PyYAML-6.0.1-cp311-cp311-macosx_10_9_x86_64.whl", hash = "sha256:6965a7bc3cf88e5a1c3bd2e0b5c22f8d677dc88a455344035f03399034eb3007"},
    {file = "PyYAML-6.0.1-cp311-cp311-macosx_11_0_arm64.whl", hash = "sha256:f003ed9ad21d6a4713f0a9b5a7a0a79e08dd0f221aff4525a2be4c346ee60aab"},
    {file = "PyYAML-6.0.1-cp311-cp311-manylinux_2_17_aarch64.manylinux2014_aarch64.whl", hash = "sha256:42f8152b8dbc4fe7d96729ec2b99c7097d656dc1213a3229ca5383f973a5ed6d"},
    {file = "PyYAML-6.0.1-cp311-cp311-manylinux_2_17_s390x.manylinux2014_s390x.whl", hash = "sha256:062582fca9fabdd2c8b54a3ef1c978d786e0f6b3a1510e0ac93ef59e0ddae2bc"},
    {file = "PyYAML-6.0.1-cp311-cp311-manylinux_2_17_x86_64.manylinux2014_x86_64.whl", hash = "sha256:d2b04aac4d386b172d5b9692e2d2da8de7bfb6c387fa4f801fbf6fb2e6ba4673"},
    {file = "PyYAML-6.0.1-cp311-cp311-musllinux_1_1_x86_64.whl", hash = "sha256:e7d73685e87afe9f3b36c799222440d6cf362062f78be1013661b00c5c6f678b"},
    {file = "PyYAML-6.0.1-cp311-cp311-win32.whl", hash = "sha256:1635fd110e8d85d55237ab316b5b011de701ea0f29d07611174a1b42f1444741"},
    {file = "PyYAML-6.0.1-cp311-cp311-win_amd64.whl", hash = "sha256:bf07ee2fef7014951eeb99f56f39c9bb4af143d8aa3c21b1677805985307da34"},
    {file = "PyYAML-6.0.1-cp312-cp312-macosx_10_9_x86_64.whl", hash = "sha256:855fb52b0dc35af121542a76b9a84f8d1cd886ea97c84703eaa6d88e37a2ad28"},
    {file = "PyYAML-6.0.1-cp312-cp312-macosx_11_0_arm64.whl", hash = "sha256:40df9b996c2b73138957fe23a16a4f0ba614f4c0efce1e9406a184b6d07fa3a9"},
    {file = "PyYAML-6.0.1-cp312-cp312-manylinux_2_17_aarch64.manylinux2014_aarch64.whl", hash = "sha256:a08c6f0fe150303c1c6b71ebcd7213c2858041a7e01975da3a99aed1e7a378ef"},
    {file = "PyYAML-6.0.1-cp312-cp312-manylinux_2_17_x86_64.manylinux2014_x86_64.whl", hash = "sha256:6c22bec3fbe2524cde73d7ada88f6566758a8f7227bfbf93a408a9d86bcc12a0"},
    {file = "PyYAML-6.0.1-cp312-cp312-musllinux_1_1_x86_64.whl", hash = "sha256:8d4e9c88387b0f5c7d5f281e55304de64cf7f9c0021a3525bd3b1c542da3b0e4"},
    {file = "PyYAML-6.0.1-cp312-cp312-win32.whl", hash = "sha256:d483d2cdf104e7c9fa60c544d92981f12ad66a457afae824d146093b8c294c54"},
    {file = "PyYAML-6.0.1-cp312-cp312-win_amd64.whl", hash = "sha256:0d3304d8c0adc42be59c5f8a4d9e3d7379e6955ad754aa9d6ab7a398b59dd1df"},
    {file = "PyYAML-6.0.1-cp36-cp36m-macosx_10_9_x86_64.whl", hash = "sha256:50550eb667afee136e9a77d6dc71ae76a44df8b3e51e41b77f6de2932bfe0f47"},
    {file = "PyYAML-6.0.1-cp36-cp36m-manylinux_2_17_aarch64.manylinux2014_aarch64.whl", hash = "sha256:1fe35611261b29bd1de0070f0b2f47cb6ff71fa6595c077e42bd0c419fa27b98"},
    {file = "PyYAML-6.0.1-cp36-cp36m-manylinux_2_17_s390x.manylinux2014_s390x.whl", hash = "sha256:704219a11b772aea0d8ecd7058d0082713c3562b4e271b849ad7dc4a5c90c13c"},
    {file = "PyYAML-6.0.1-cp36-cp36m-manylinux_2_17_x86_64.manylinux2014_x86_64.whl", hash = "sha256:afd7e57eddb1a54f0f1a974bc4391af8bcce0b444685d936840f125cf046d5bd"},
    {file = "PyYAML-6.0.1-cp36-cp36m-win32.whl", hash = "sha256:fca0e3a251908a499833aa292323f32437106001d436eca0e6e7833256674585"},
    {file = "PyYAML-6.0.1-cp36-cp36m-win_amd64.whl", hash = "sha256:f22ac1c3cac4dbc50079e965eba2c1058622631e526bd9afd45fedd49ba781fa"},
    {file = "PyYAML-6.0.1-cp37-cp37m-macosx_10_9_x86_64.whl", hash = "sha256:b1275ad35a5d18c62a7220633c913e1b42d44b46ee12554e5fd39c70a243d6a3"},
    {file = "PyYAML-6.0.1-cp37-cp37m-manylinux_2_17_aarch64.manylinux2014_aarch64.whl", hash = "sha256:18aeb1bf9a78867dc38b259769503436b7c72f7a1f1f4c93ff9a17de54319b27"},
    {file = "PyYAML-6.0.1-cp37-cp37m-manylinux_2_17_s390x.manylinux2014_s390x.whl", hash = "sha256:596106435fa6ad000c2991a98fa58eeb8656ef2325d7e158344fb33864ed87e3"},
    {file = "PyYAML-6.0.1-cp37-cp37m-manylinux_2_17_x86_64.manylinux2014_x86_64.whl", hash = "sha256:baa90d3f661d43131ca170712d903e6295d1f7a0f595074f151c0aed377c9b9c"},
    {file = "PyYAML-6.0.1-cp37-cp37m-win32.whl", hash = "sha256:9046c58c4395dff28dd494285c82ba00b546adfc7ef001486fbf0324bc174fba"},
    {file = "PyYAML-6.0.1-cp37-cp37m-win_amd64.whl", hash = "sha256:4fb147e7a67ef577a588a0e2c17b6db51dda102c71de36f8549b6816a96e1867"},
    {file = "PyYAML-6.0.1-cp38-cp38-macosx_10_9_x86_64.whl", hash = "sha256:1d4c7e777c441b20e32f52bd377e0c409713e8bb1386e1099c2415f26e479595"},
    {file = "PyYAML-6.0.1-cp38-cp38-manylinux_2_17_aarch64.manylinux2014_aarch64.whl", hash = "sha256:a0cd17c15d3bb3fa06978b4e8958dcdc6e0174ccea823003a106c7d4d7899ac5"},
    {file = "PyYAML-6.0.1-cp38-cp38-manylinux_2_17_s390x.manylinux2014_s390x.whl", hash = "sha256:28c119d996beec18c05208a8bd78cbe4007878c6dd15091efb73a30e90539696"},
    {file = "PyYAML-6.0.1-cp38-cp38-manylinux_2_17_x86_64.manylinux2014_x86_64.whl", hash = "sha256:7e07cbde391ba96ab58e532ff4803f79c4129397514e1413a7dc761ccd755735"},
    {file = "PyYAML-6.0.1-cp38-cp38-musllinux_1_1_x86_64.whl", hash = "sha256:49a183be227561de579b4a36efbb21b3eab9651dd81b1858589f796549873dd6"},
    {file = "PyYAML-6.0.1-cp38-cp38-win32.whl", hash = "sha256:184c5108a2aca3c5b3d3bf9395d50893a7ab82a38004c8f61c258d4428e80206"},
    {file = "PyYAML-6.0.1-cp38-cp38-win_amd64.whl", hash = "sha256:1e2722cc9fbb45d9b87631ac70924c11d3a401b2d7f410cc0e3bbf249f2dca62"},
    {file = "PyYAML-6.0.1-cp39-cp39-macosx_10_9_x86_64.whl", hash = "sha256:9eb6caa9a297fc2c2fb8862bc5370d0303ddba53ba97e71f08023b6cd73d16a8"},
    {file = "PyYAML-6.0.1-cp39-cp39-macosx_11_0_arm64.whl", hash = "sha256:c8098ddcc2a85b61647b2590f825f3db38891662cfc2fc776415143f599bb859"},
    {file = "PyYAML-6.0.1-cp39-cp39-manylinux_2_17_aarch64.manylinux2014_aarch64.whl", hash = "sha256:5773183b6446b2c99bb77e77595dd486303b4faab2b086e7b17bc6bef28865f6"},
    {file = "PyYAML-6.0.1-cp39-cp39-manylinux_2_17_s390x.manylinux2014_s390x.whl", hash = "sha256:b786eecbdf8499b9ca1d697215862083bd6d2a99965554781d0d8d1ad31e13a0"},
    {file = "PyYAML-6.0.1-cp39-cp39-manylinux_2_17_x86_64.manylinux2014_x86_64.whl", hash = "sha256:bc1bf2925a1ecd43da378f4db9e4f799775d6367bdb94671027b73b393a7c42c"},
    {file = "PyYAML-6.0.1-cp39-cp39-musllinux_1_1_x86_64.whl", hash = "sha256:04ac92ad1925b2cff1db0cfebffb6ffc43457495c9b3c39d3fcae417d7125dc5"},
    {file = "PyYAML-6.0.1-cp39-cp39-win32.whl", hash = "sha256:faca3bdcf85b2fc05d06ff3fbc1f83e1391b3e724afa3feba7d13eeab355484c"},
    {file = "PyYAML-6.0.1-cp39-cp39-win_amd64.whl", hash = "sha256:510c9deebc5c0225e8c96813043e62b680ba2f9c50a08d3724c7f28a747d1486"},
    {file = "PyYAML-6.0.1.tar.gz", hash = "sha256:bfdf460b1736c775f2ba9f6a92bca30bc2095067b8a9d77876d1fad6cc3b4a43"},
]

[[package]]
name = "rapidfuzz"
version = "3.10.0"
description = "rapid fuzzy string matching"
optional = false
python-versions = ">=3.9"
files = [
    {file = "rapidfuzz-3.10.0-cp310-cp310-macosx_10_9_x86_64.whl", hash = "sha256:884453860de029380dded8f3c1918af2d8eb5adf8010261645c7e5c88c2b5428"},
    {file = "rapidfuzz-3.10.0-cp310-cp310-macosx_11_0_arm64.whl", hash = "sha256:718c9bd369288aca5fa929df6dbf66fdbe9768d90940a940c0b5cdc96ade4309"},
    {file = "rapidfuzz-3.10.0-cp310-cp310-manylinux_2_17_aarch64.manylinux2014_aarch64.whl", hash = "sha256:a68e3724b7dab761c01816aaa64b0903734d999d5589daf97c14ef5cc0629a8e"},
    {file = "rapidfuzz-3.10.0-cp310-cp310-manylinux_2_17_i686.manylinux2014_i686.whl", hash = "sha256:1af60988d47534246d9525f77288fdd9de652608a4842815d9018570b959acc6"},
    {file = "rapidfuzz-3.10.0-cp310-cp310-manylinux_2_17_ppc64le.manylinux2014_ppc64le.whl", hash = "sha256:3084161fc3e963056232ef8d937449a2943852e07101f5a136c8f3cfa4119217"},
    {file = "rapidfuzz-3.10.0-cp310-cp310-manylinux_2_17_s390x.manylinux2014_s390x.whl", hash = "sha256:6cd67d3d017296d98ff505529104299f78433e4b8af31b55003d901a62bbebe9"},
    {file = "rapidfuzz-3.10.0-cp310-cp310-manylinux_2_17_x86_64.manylinux2014_x86_64.whl", hash = "sha256:b11a127ac590fc991e8a02c2d7e1ac86e8141c92f78546f18b5c904064a0552c"},
    {file = "rapidfuzz-3.10.0-cp310-cp310-musllinux_1_2_aarch64.whl", hash = "sha256:aadce42147fc09dcef1afa892485311e824c050352e1aa6e47f56b9b27af4cf0"},
    {file = "rapidfuzz-3.10.0-cp310-cp310-musllinux_1_2_i686.whl", hash = "sha256:b54853c2371bf0e38d67da379519deb6fbe70055efb32f6607081641af3dc752"},
    {file = "rapidfuzz-3.10.0-cp310-cp310-musllinux_1_2_ppc64le.whl", hash = "sha256:ce19887268e90ee81a3957eef5e46a70ecc000713796639f83828b950343f49e"},
    {file = "rapidfuzz-3.10.0-cp310-cp310-musllinux_1_2_s390x.whl", hash = "sha256:f39a2a5ded23b9b9194ec45740dce57177b80f86c6d8eba953d3ff1a25c97766"},
    {file = "rapidfuzz-3.10.0-cp310-cp310-musllinux_1_2_x86_64.whl", hash = "sha256:0ec338d5f4ad8d9339a88a08db5c23e7f7a52c2b2a10510c48a0cef1fb3f0ddc"},
    {file = "rapidfuzz-3.10.0-cp310-cp310-win32.whl", hash = "sha256:56fd15ea8f4c948864fa5ebd9261c67cf7b89a1c517a0caef4df75446a7af18c"},
    {file = "rapidfuzz-3.10.0-cp310-cp310-win_amd64.whl", hash = "sha256:43dfc5e733808962a822ff6d9c29f3039a3cfb3620706f5953e17cfe4496724c"},
    {file = "rapidfuzz-3.10.0-cp310-cp310-win_arm64.whl", hash = "sha256:ae7966f205b5a7fde93b44ca8fed37c1c8539328d7f179b1197de34eceaceb5f"},
    {file = "rapidfuzz-3.10.0-cp311-cp311-macosx_10_9_x86_64.whl", hash = "sha256:bb0013795b40db5cf361e6f21ee7cda09627cf294977149b50e217d7fe9a2f03"},
    {file = "rapidfuzz-3.10.0-cp311-cp311-macosx_11_0_arm64.whl", hash = "sha256:69ef5b363afff7150a1fbe788007e307b9802a2eb6ad92ed51ab94e6ad2674c6"},
    {file = "rapidfuzz-3.10.0-cp311-cp311-manylinux_2_17_aarch64.manylinux2014_aarch64.whl", hash = "sha256:c582c46b1bb0b19f1a5f4c1312f1b640c21d78c371a6615c34025b16ee56369b"},
    {file = "rapidfuzz-3.10.0-cp311-cp311-manylinux_2_17_i686.manylinux2014_i686.whl", hash = "sha256:288f6f6e7410cacb115fb851f3f18bf0e4231eb3f6cb5bd1cec0e7b25c4d039d"},
    {file = "rapidfuzz-3.10.0-cp311-cp311-manylinux_2_17_ppc64le.manylinux2014_ppc64le.whl", hash = "sha256:c9e29a13d2fd9be3e7d8c26c7ef4ba60b5bc7efbc9dbdf24454c7e9ebba31768"},
    {file = "rapidfuzz-3.10.0-cp311-cp311-manylinux_2_17_s390x.manylinux2014_s390x.whl", hash = "sha256:ea2da0459b951ee461bd4e02b8904890bd1c4263999d291c5cd01e6620177ad4"},
    {file = "rapidfuzz-3.10.0-cp311-cp311-manylinux_2_17_x86_64.manylinux2014_x86_64.whl", hash = "sha256:457827ba82261aa2ae6ac06a46d0043ab12ba7216b82d87ae1434ec0f29736d6"},
    {file = "rapidfuzz-3.10.0-cp311-cp311-musllinux_1_2_aarch64.whl", hash = "sha256:5d350864269d56f51ab81ab750c9259ae5cad3152c0680baef143dcec92206a1"},
    {file = "rapidfuzz-3.10.0-cp311-cp311-musllinux_1_2_i686.whl", hash = "sha256:a9b8f51e08c3f983d857c3889930af9ddecc768453822076683664772d87e374"},
    {file = "rapidfuzz-3.10.0-cp311-cp311-musllinux_1_2_ppc64le.whl", hash = "sha256:7f3a6aa6e70fc27e4ff5c479f13cc9fc26a56347610f5f8b50396a0d344c5f55"},
    {file = "rapidfuzz-3.10.0-cp311-cp311-musllinux_1_2_s390x.whl", hash = "sha256:803f255f10d63420979b1909ef976e7d30dec42025c9b067fc1d2040cc365a7e"},
    {file = "rapidfuzz-3.10.0-cp311-cp311-musllinux_1_2_x86_64.whl", hash = "sha256:2026651761bf83a0f31495cc0f70840d5c0d54388f41316e3f9cb51bd85e49a5"},
    {file = "rapidfuzz-3.10.0-cp311-cp311-win32.whl", hash = "sha256:4df75b3ebbb8cfdb9bf8b213b168620b88fd92d0c16a8bc9f9234630b282db59"},
    {file = "rapidfuzz-3.10.0-cp311-cp311-win_amd64.whl", hash = "sha256:f9f0bbfb6787b97c51516f3ccf97737d504db5d239ad44527673b81f598b84ab"},
    {file = "rapidfuzz-3.10.0-cp311-cp311-win_arm64.whl", hash = "sha256:10fdad800441b9c97d471a937ba7d42625f1b530db05e572f1cb7d401d95c893"},
    {file = "rapidfuzz-3.10.0-cp312-cp312-macosx_10_13_x86_64.whl", hash = "sha256:7dc87073ba3a40dd65591a2100aa71602107443bf10770579ff9c8a3242edb94"},
    {file = "rapidfuzz-3.10.0-cp312-cp312-macosx_11_0_arm64.whl", hash = "sha256:a425a0a868cf8e9c6e93e1cda4b758cdfd314bb9a4fc916c5742c934e3613480"},
    {file = "rapidfuzz-3.10.0-cp312-cp312-manylinux_2_17_aarch64.manylinux2014_aarch64.whl", hash = "sha256:a86d5d1d75e61df060c1e56596b6b0a4422a929dff19cc3dbfd5eee762c86b61"},
    {file = "rapidfuzz-3.10.0-cp312-cp312-manylinux_2_17_i686.manylinux2014_i686.whl", hash = "sha256:34f213d59219a9c3ca14e94a825f585811a68ac56b4118b4dc388b5b14afc108"},
    {file = "rapidfuzz-3.10.0-cp312-cp312-manylinux_2_17_ppc64le.manylinux2014_ppc64le.whl", hash = "sha256:96ad46f5f56f70fab2be9e5f3165a21be58d633b90bf6e67fc52a856695e4bcf"},
    {file = "rapidfuzz-3.10.0-cp312-cp312-manylinux_2_17_s390x.manylinux2014_s390x.whl", hash = "sha256:9178277f72d144a6c7704d7ae7fa15b7b86f0f0796f0e1049c7b4ef748a662ef"},
    {file = "rapidfuzz-3.10.0-cp312-cp312-manylinux_2_17_x86_64.manylinux2014_x86_64.whl", hash = "sha256:76a35e9e19a7c883c422ffa378e9a04bc98cb3b29648c5831596401298ee51e6"},
    {file = "rapidfuzz-3.10.0-cp312-cp312-musllinux_1_2_aarch64.whl", hash = "sha256:8a6405d34c394c65e4f73a1d300c001f304f08e529d2ed6413b46ee3037956eb"},
    {file = "rapidfuzz-3.10.0-cp312-cp312-musllinux_1_2_i686.whl", hash = "sha256:bd393683129f446a75d8634306aed7e377627098a1286ff3af2a4f1736742820"},
    {file = "rapidfuzz-3.10.0-cp312-cp312-musllinux_1_2_ppc64le.whl", hash = "sha256:b0445fa9880ead81f5a7d0efc0b9c977a947d8052c43519aceeaf56eabaf6843"},
    {file = "rapidfuzz-3.10.0-cp312-cp312-musllinux_1_2_s390x.whl", hash = "sha256:c50bc308fa29767ed8f53a8d33b7633a9e14718ced038ed89d41b886e301da32"},
    {file = "rapidfuzz-3.10.0-cp312-cp312-musllinux_1_2_x86_64.whl", hash = "sha256:e89605afebbd2d4b045bccfdc12a14b16fe8ccbae05f64b4b4c64a97dad1c891"},
    {file = "rapidfuzz-3.10.0-cp312-cp312-win32.whl", hash = "sha256:2db9187f3acf3cd33424ecdbaad75414c298ecd1513470df7bda885dcb68cc15"},
    {file = "rapidfuzz-3.10.0-cp312-cp312-win_amd64.whl", hash = "sha256:50e3d0c72ea15391ba9531ead7f2068a67c5b18a6a365fef3127583aaadd1725"},
    {file = "rapidfuzz-3.10.0-cp312-cp312-win_arm64.whl", hash = "sha256:9eac95b4278bd53115903d89118a2c908398ee8bdfd977ae844f1bd2b02b917c"},
    {file = "rapidfuzz-3.10.0-cp313-cp313-macosx_10_13_x86_64.whl", hash = "sha256:fe5231e8afd069c742ac5b4f96344a0fe4aff52df8e53ef87faebf77f827822c"},
    {file = "rapidfuzz-3.10.0-cp313-cp313-macosx_11_0_arm64.whl", hash = "sha256:886882367dbc985f5736356105798f2ae6e794e671fc605476cbe2e73838a9bb"},
    {file = "rapidfuzz-3.10.0-cp313-cp313-manylinux_2_17_aarch64.manylinux2014_aarch64.whl", hash = "sha256:b33e13e537e3afd1627d421a142a12bbbe601543558a391a6fae593356842f6e"},
    {file = "rapidfuzz-3.10.0-cp313-cp313-manylinux_2_17_i686.manylinux2014_i686.whl", hash = "sha256:094c26116d55bf9c53abd840d08422f20da78ec4c4723e5024322321caedca48"},
    {file = "rapidfuzz-3.10.0-cp313-cp313-manylinux_2_17_ppc64le.manylinux2014_ppc64le.whl", hash = "sha256:545fc04f2d592e4350f59deb0818886c1b444ffba3bec535b4fbb97191aaf769"},
    {file = "rapidfuzz-3.10.0-cp313-cp313-manylinux_2_17_s390x.manylinux2014_s390x.whl", hash = "sha256:916a6abf3632e592b937c3d04c00a6efadd8fd30539cdcd4e6e4d92be7ca5d90"},
    {file = "rapidfuzz-3.10.0-cp313-cp313-manylinux_2_17_x86_64.manylinux2014_x86_64.whl", hash = "sha256:fb6ec40cef63b1922083d33bfef2f91fc0b0bc07b5b09bfee0b0f1717d558292"},
    {file = "rapidfuzz-3.10.0-cp313-cp313-musllinux_1_2_aarch64.whl", hash = "sha256:c77a7330dd15c7eb5fd3631dc646fc96327f98db8181138766bd14d3e905f0ba"},
    {file = "rapidfuzz-3.10.0-cp313-cp313-musllinux_1_2_i686.whl", hash = "sha256:949b5e9eeaa4ecb4c7e9c2a4689dddce60929dd1ff9c76a889cdbabe8bbf2171"},
    {file = "rapidfuzz-3.10.0-cp313-cp313-musllinux_1_2_ppc64le.whl", hash = "sha256:b5363932a5aab67010ae1a6205c567d1ef256fb333bc23c27582481606be480c"},
    {file = "rapidfuzz-3.10.0-cp313-cp313-musllinux_1_2_s390x.whl", hash = "sha256:5dd6eec15b13329abe66cc241b484002ecb0e17d694491c944a22410a6a9e5e2"},
    {file = "rapidfuzz-3.10.0-cp313-cp313-musllinux_1_2_x86_64.whl", hash = "sha256:79e7f98525b60b3c14524e0a4e1fedf7654657b6e02eb25f1be897ab097706f3"},
    {file = "rapidfuzz-3.10.0-cp313-cp313-win32.whl", hash = "sha256:d29d1b9857c65f8cb3a29270732e1591b9bacf89de9d13fa764f79f07d8f1fd2"},
    {file = "rapidfuzz-3.10.0-cp313-cp313-win_amd64.whl", hash = "sha256:fa9720e56663cc3649d62b4b5f3145e94b8f5611e8a8e1b46507777249d46aad"},
    {file = "rapidfuzz-3.10.0-cp313-cp313-win_arm64.whl", hash = "sha256:eda4c661e68dddd56c8fbfe1ca35e40dd2afd973f7ebb1605f4d151edc63dff8"},
    {file = "rapidfuzz-3.10.0-cp39-cp39-macosx_10_9_x86_64.whl", hash = "sha256:cffbc50e0767396ed483900900dd58ce4351bc0d40e64bced8694bd41864cc71"},
    {file = "rapidfuzz-3.10.0-cp39-cp39-macosx_11_0_arm64.whl", hash = "sha256:c038b9939da3035afb6cb2f465f18163e8f070aba0482923ecff9443def67178"},
    {file = "rapidfuzz-3.10.0-cp39-cp39-manylinux_2_17_aarch64.manylinux2014_aarch64.whl", hash = "sha256:ca366c2e2a54e2f663f4529b189fdeb6e14d419b1c78b754ec1744f3c01070d4"},
    {file = "rapidfuzz-3.10.0-cp39-cp39-manylinux_2_17_i686.manylinux2014_i686.whl", hash = "sha256:7c4c82b1689b23b1b5e6a603164ed2be41b6f6de292a698b98ba2381e889eb9d"},
    {file = "rapidfuzz-3.10.0-cp39-cp39-manylinux_2_17_ppc64le.manylinux2014_ppc64le.whl", hash = "sha256:98f6ebe28831a482981ecfeedc8237047878424ad0c1add2c7f366ba44a20452"},
    {file = "rapidfuzz-3.10.0-cp39-cp39-manylinux_2_17_s390x.manylinux2014_s390x.whl", hash = "sha256:4bd1a7676ee2a4c8e2f7f2550bece994f9f89e58afb96088964145a83af7408b"},
    {file = "rapidfuzz-3.10.0-cp39-cp39-manylinux_2_17_x86_64.manylinux2014_x86_64.whl", hash = "sha256:ec9139baa3f85b65adc700eafa03ed04995ca8533dd56c924f0e458ffec044ab"},
    {file = "rapidfuzz-3.10.0-cp39-cp39-musllinux_1_2_aarch64.whl", hash = "sha256:26de93e6495078b6af4c4d93a42ca067b16cc0e95699526c82ab7d1025b4d3bf"},
    {file = "rapidfuzz-3.10.0-cp39-cp39-musllinux_1_2_i686.whl", hash = "sha256:f3a0bda83c18195c361b5500377d0767749f128564ca95b42c8849fd475bb327"},
    {file = "rapidfuzz-3.10.0-cp39-cp39-musllinux_1_2_ppc64le.whl", hash = "sha256:63e4c175cbce8c3adc22dca5e6154588ae673f6c55374d156f3dac732c88d7de"},
    {file = "rapidfuzz-3.10.0-cp39-cp39-musllinux_1_2_s390x.whl", hash = "sha256:4dd3d8443970eaa02ab5ae45ce584b061f2799cd9f7e875190e2617440c1f9d4"},
    {file = "rapidfuzz-3.10.0-cp39-cp39-musllinux_1_2_x86_64.whl", hash = "sha256:e5ddb2388610799fc46abe389600625058f2a73867e63e20107c5ad5ffa57c47"},
    {file = "rapidfuzz-3.10.0-cp39-cp39-win32.whl", hash = "sha256:2e9be5d05cd960914024412b5406fb75a82f8562f45912ff86255acbfdbfb78e"},
    {file = "rapidfuzz-3.10.0-cp39-cp39-win_amd64.whl", hash = "sha256:47aca565a39c9a6067927871973ca827023e8b65ba6c5747f4c228c8d7ddc04f"},
    {file = "rapidfuzz-3.10.0-cp39-cp39-win_arm64.whl", hash = "sha256:b0732343cdc4273b5921268026dd7266f75466eb21873cb7635a200d9d9c3fac"},
    {file = "rapidfuzz-3.10.0-pp310-pypy310_pp73-macosx_10_15_x86_64.whl", hash = "sha256:f744b5eb1469bf92dd143d36570d2bdbbdc88fe5cb0b5405e53dd34f479cbd8a"},
    {file = "rapidfuzz-3.10.0-pp310-pypy310_pp73-macosx_11_0_arm64.whl", hash = "sha256:b67cc21a14327a0eb0f47bc3d7e59ec08031c7c55220ece672f9476e7a8068d3"},
    {file = "rapidfuzz-3.10.0-pp310-pypy310_pp73-manylinux_2_17_aarch64.manylinux2014_aarch64.whl", hash = "sha256:2fe5783676f0afba4a522c80b15e99dbf4e393c149ab610308a8ef1f04c6bcc8"},
    {file = "rapidfuzz-3.10.0-pp310-pypy310_pp73-manylinux_2_17_i686.manylinux2014_i686.whl", hash = "sha256:d4688862f957c8629d557d084f20b2d803f8738b6c4066802a0b1cc472e088d9"},
    {file = "rapidfuzz-3.10.0-pp310-pypy310_pp73-manylinux_2_17_x86_64.manylinux2014_x86_64.whl", hash = "sha256:20bd153aacc244e4c907d772c703fea82754c4db14f8aa64d75ff81b7b8ab92d"},
    {file = "rapidfuzz-3.10.0-pp310-pypy310_pp73-win_amd64.whl", hash = "sha256:50484d563f8bfa723c74c944b0bb15b9e054db9c889348c8c307abcbee75ab92"},
    {file = "rapidfuzz-3.10.0-pp39-pypy39_pp73-macosx_10_15_x86_64.whl", hash = "sha256:5897242d455461f2c5b82d7397b29341fd11e85bf3608a522177071044784ee8"},
    {file = "rapidfuzz-3.10.0-pp39-pypy39_pp73-macosx_11_0_arm64.whl", hash = "sha256:116c71a81e046ba56551d8ab68067ca7034d94b617545316d460a452c5c3c289"},
    {file = "rapidfuzz-3.10.0-pp39-pypy39_pp73-manylinux_2_17_aarch64.manylinux2014_aarch64.whl", hash = "sha256:f0a547e4350d1fa32624d3eab51eff8cf329f4cae110b4ea0402486b1da8be40"},
    {file = "rapidfuzz-3.10.0-pp39-pypy39_pp73-manylinux_2_17_i686.manylinux2014_i686.whl", hash = "sha256:399b9b79ccfcf50ca3bad7692bc098bb8eade88d7d5e15773b7f866c91156d0c"},
    {file = "rapidfuzz-3.10.0-pp39-pypy39_pp73-manylinux_2_17_x86_64.manylinux2014_x86_64.whl", hash = "sha256:7947a425d1be3e744707ee58c6cb318b93a56e08f080722dcc0347e0b7a1bb9a"},
    {file = "rapidfuzz-3.10.0-pp39-pypy39_pp73-win_amd64.whl", hash = "sha256:94c48b4a2a4b1d22246f48e2b11cae01ec7d23f0c9123f8bb822839ad79d0a88"},
    {file = "rapidfuzz-3.10.0.tar.gz", hash = "sha256:6b62af27e65bb39276a66533655a2fa3c60a487b03935721c45b7809527979be"},
]

[package.extras]
all = ["numpy"]

[[package]]
name = "tabulate"
version = "0.9.0"
description = "Pretty-print tabular data"
optional = false
python-versions = ">=3.7"
files = [
    {file = "tabulate-0.9.0-py3-none-any.whl", hash = "sha256:024ca478df22e9340661486f85298cff5f6dcdba14f3813e8830015b9ed1948f"},
    {file = "tabulate-0.9.0.tar.gz", hash = "sha256:0095b12bf5966de529c0feb1fa08671671b3368eec77d7ef7ab114be2c068b3c"},
]

[package.extras]
widechars = ["wcwidth"]

[[package]]
name = "toml"
version = "0.10.2"
description = "Python Library for Tom's Obvious, Minimal Language"
optional = false
python-versions = ">=2.6, !=3.0.*, !=3.1.*, !=3.2.*"
files = [
    {file = "toml-0.10.2-py2.py3-none-any.whl", hash = "sha256:806143ae5bfb6a3c6e736a764057db0e6a0e05e338b5630894a5f779cabb4f9b"},
    {file = "toml-0.10.2.tar.gz", hash = "sha256:b3bda1d108d5dd99f4a20d24d9c348e91c4db7ab1b749200bded2f839ccbe68f"},
]

[[package]]
name = "virtualenv"
version = "20.26.6"
description = "Virtual Python Environment builder"
optional = false
python-versions = ">=3.7"
files = [
    {file = "virtualenv-20.26.6-py3-none-any.whl", hash = "sha256:7345cc5b25405607a624d8418154577459c3e0277f5466dd79c49d5e492995f2"},
    {file = "virtualenv-20.26.6.tar.gz", hash = "sha256:280aede09a2a5c317e409a00102e7077c6432c5a38f0ef938e643805a7ad2c48"},
]

[package.dependencies]
distlib = ">=0.3.7,<1"
filelock = ">=3.12.2,<4"
platformdirs = ">=3.9.1,<5"

[package.extras]
docs = ["furo (>=2023.7.26)", "proselint (>=0.13)", "sphinx (>=7.1.2,!=7.3)", "sphinx-argparse (>=0.4)", "sphinxcontrib-towncrier (>=0.2.1a0)", "towncrier (>=23.6)"]
test = ["covdefaults (>=2.3)", "coverage (>=7.2.7)", "coverage-enable-subprocess (>=1)", "flaky (>=3.7)", "packaging (>=23.1)", "pytest (>=7.4)", "pytest-env (>=0.8.2)", "pytest-freezer (>=0.4.8)", "pytest-mock (>=3.11.1)", "pytest-randomly (>=3.12)", "pytest-timeout (>=2.1)", "setuptools (>=68)", "time-machine (>=2.10)"]

[[package]]
name = "wcwidth"
version = "0.2.13"
description = "Measures the displayed width of unicode strings in a terminal"
optional = false
python-versions = "*"
files = [
    {file = "wcwidth-0.2.13-py2.py3-none-any.whl", hash = "sha256:3da69048e4540d84af32131829ff948f1e022c1c6bdb8d6102117aac784f6859"},
    {file = "wcwidth-0.2.13.tar.gz", hash = "sha256:72ea0c06399eb286d978fdedb6923a9eb47e1c486ce63e9b4e64fc18303972b5"},
]

[metadata]
lock-version = "2.0"
python-versions = "^3.10"
content-hash = "c1b31fc0fbf4a6de522599312007be774d9c474402cdb69a425d3bc7608dae54"
